
Microsoft Visual Studio Solution File, Format Version 12.00
# Visual Studio Version 16
VisualStudioVersion = 16.0.28922.388
MinimumVisualStudioVersion = 10.0.40219.1
Project("{9A19103F-16F7-4668-BE54-9A1E7A4F7556}") = "WebApplication1", "WebApplication1\WebApplication1.csproj", "{00BA0181-21F2-49D8-BF71-85414B201EED}"
EndProject
Project("{9A19103F-16F7-4668-BE54-9A1E7A4F7556}") = "DAL", "DAL\DAL.csproj", "{4E38A61D-0CE6-4586-9A8A-1BEF24F62B04}"
EndProject
Project("{9A19103F-16F7-4668-BE54-9A1E7A4F7556}") = "BLL", "BLL\BLL.csproj", "{4AE360B7-2713-41CC-AC8A-0C10E014E9CA}"
EndProject
Project("{9A19103F-16F7-4668-BE54-9A1E7A4F7556}") = "Base", "Base\Base.csproj", "{AE3029AE-FDEF-4C72-9666-E33226FCA589}"
EndProject
Project("{FAE04EC0-301F-11D3-BF4B-00C04F79EFBC}") = "UnitTestBLL", "UnitTestBLL\UnitTestBLL.csproj", "{E3DE143C-093A-49CE-99C6-55D9DE749D39}"
EndProject
Global
	GlobalSection(SolutionConfigurationPlatforms) = preSolution
		Debug|Any CPU = Debug|Any CPU
		Release|Any CPU = Release|Any CPU
	EndGlobalSection
	GlobalSection(ProjectConfigurationPlatforms) = postSolution
		{00BA0181-21F2-49D8-BF71-85414B201EED}.Debug|Any CPU.ActiveCfg = Debug|Any CPU
		{00BA0181-21F2-49D8-BF71-85414B201EED}.Debug|Any CPU.Build.0 = Debug|Any CPU
		{00BA0181-21F2-49D8-BF71-85414B201EED}.Release|Any CPU.ActiveCfg = Release|Any CPU
		{00BA0181-21F2-49D8-BF71-85414B201EED}.Release|Any CPU.Build.0 = Release|Any CPU
		{4E38A61D-0CE6-4586-9A8A-1BEF24F62B04}.Debug|Any CPU.ActiveCfg = Debug|Any CPU
		{4E38A61D-0CE6-4586-9A8A-1BEF24F62B04}.Debug|Any CPU.Build.0 = Debug|Any CPU
		{4E38A61D-0CE6-4586-9A8A-1BEF24F62B04}.Release|Any CPU.ActiveCfg = Release|Any CPU
		{4E38A61D-0CE6-4586-9A8A-1BEF24F62B04}.Release|Any CPU.Build.0 = Release|Any CPU
		{4AE360B7-2713-41CC-AC8A-0C10E014E9CA}.Debug|Any CPU.ActiveCfg = Debug|Any CPU
		{4AE360B7-2713-41CC-AC8A-0C10E014E9CA}.Debug|Any CPU.Build.0 = Debug|Any CPU
		{4AE360B7-2713-41CC-AC8A-0C10E014E9CA}.Release|Any CPU.ActiveCfg = Release|Any CPU
		{4AE360B7-2713-41CC-AC8A-0C10E014E9CA}.Release|Any CPU.Build.0 = Release|Any CPU
		{AE3029AE-FDEF-4C72-9666-E33226FCA589}.Debug|Any CPU.ActiveCfg = Debug|Any CPU
		{AE3029AE-FDEF-4C72-9666-E33226FCA589}.Debug|Any CPU.Build.0 = Debug|Any CPU
		{AE3029AE-FDEF-4C72-9666-E33226FCA589}.Release|Any CPU.ActiveCfg = Release|Any CPU
		{AE3029AE-FDEF-4C72-9666-E33226FCA589}.Release|Any CPU.Build.0 = Release|Any CPU
		{E3DE143C-093A-49CE-99C6-55D9DE749D39}.Debug|Any CPU.ActiveCfg = Debug|Any CPU
		{E3DE143C-093A-49CE-99C6-55D9DE749D39}.Debug|Any CPU.Build.0 = Debug|Any CPU
		{E3DE143C-093A-49CE-99C6-55D9DE749D39}.Release|Any CPU.ActiveCfg = Release|Any CPU
		{E3DE143C-093A-49CE-99C6-55D9DE749D39}.Release|Any CPU.Build.0 = Release|Any CPU
	EndGlobalSection
	GlobalSection(SolutionProperties) = preSolution
		HideSolutionNode = FALSE
	EndGlobalSection
	GlobalSection(ExtensibilityGlobals) = postSolution
		SolutionGuid = {8C5E58F7-08B9-414D-A419-FE35C16B9BD6}
	EndGlobalSection
EndGlobal
